version = 1
requires-python = ">=3.8"

[[package]]
name = "mcp"
version = "1.0.0"
source = { registry = "https://pypi.org/simple" }
dependencies = [
    "anyio>=3.7.0",
    "httpx>=0.24.0",
    "pydantic>=2.0.0",
    "typing-extensions>=4.5.0",
]

[[package]]
name = "fastmcp"
version = "0.1.0"
source = { registry = "https://pypi.org/simple" }
dependencies = [
    "mcp>=1.0.0",
    "httpx>=0.24.0",
    "anyio>=3.7.0",
    "typing-extensions>=4.5.0",
]

[[package]]
name = "google-api-python-client"
version = "2.109.0"
source = { registry = "https://pypi.org/simple" }
dependencies = [
    "google-api-core>=2.0.0",
    "google-auth>=2.0.0",
    "google-auth-httplib2>=0.1.0",
    "googleapis-common-protos>=1.56.0",
    "httplib2>=0.19.0",
    "uritemplate>=4.0.0",
]

[[package]]
name = "python-dotenv"
version = "1.0.0"
source = { registry = "https://pypi.org/simple" }
dependencies = []

[[package]]
name = "aiohttp"
version = "3.8.5"
source = { registry = "https://pypi.org/simple" }
dependencies = [
    "async-timeout>=4.0.0",
    "attrs>=17.3.0",
    "charset-normalizer>=2.0.0",
    "multidict>=6.0.0",
    "yarl>=1.0.0",
]
optional = true

[metadata]
lock-version = "1.0"
python-versions = ">=3.8"
content-hash = "1234567890abcdef1234567890abcdef1234567890abcdef1234567890abcdef"

[metadata.files]
"mcp" = []
"fastmcp" = []
"google-api-python-client" = []
"python-dotenv" = []
"aiohttp" = []